
Microsoft Visual Studio Solution File, Format Version 12.00
# Visual Studio 15
Project("{FAE04EC0-301F-11D3-BF4B-00C04F79EFBC}") = "Assembly-CSharp", "Assembly-CSharp.csproj", "{DC7FFC2D-2B35-30F1-AF27-6E96F5BC3329}"
EndProject
Project("{FAE04EC0-301F-11D3-BF4B-00C04F79EFBC}") = "Assembly-CSharp-Editor", "Assembly-CSharp-Editor.csproj", "{01BBF6FC-0246-A63A-BD0D-C14B250E37FA}"
EndProject
Global
	GlobalSection(SolutionConfigurationPlatforms) = preSolution
		Debug|Any CPU = Debug|Any CPU
		Release|Any CPU = Release|Any CPU
	EndGlobalSection
	GlobalSection(ProjectConfigurationPlatforms) = postSolution
		{DC7FFC2D-2B35-30F1-AF27-6E96F5BC3329}.Debug|Any CPU.ActiveCfg = Debug|Any CPU
		{DC7FFC2D-2B35-30F1-AF27-6E96F5BC3329}.Debug|Any CPU.Build.0 = Debug|Any CPU
		{DC7FFC2D-2B35-30F1-AF27-6E96F5BC3329}.Release|Any CPU.ActiveCfg = Release|Any CPU
		{DC7FFC2D-2B35-30F1-AF27-6E96F5BC3329}.Release|Any CPU.Build.0 = Release|Any CPU
		{01BBF6FC-0246-A63A-BD0D-C14B250E37FA}.Debug|Any CPU.ActiveCfg = Debug|Any CPU
		{01BBF6FC-0246-A63A-BD0D-C14B250E37FA}.Debug|Any CPU.Build.0 = Debug|Any CPU
		{01BBF6FC-0246-A63A-BD0D-C14B250E37FA}.Release|Any CPU.ActiveCfg = Release|Any CPU
		{01BBF6FC-0246-A63A-BD0D-C14B250E37FA}.Release|Any CPU.Build.0 = Release|Any CPU
	EndGlobalSection
	GlobalSection(SolutionProperties) = preSolution
		HideSolutionNode = FALSE
	EndGlobalSection
EndGlobal
